Microsoft Visual Studio Solution File, Format Version 12.00
# Visual Studio 14
VisualStudioVersion = 14.0.24720.0
MinimumVisualStudioVersion = 10.0.40219.1
Project("{FAE04EC0-301F-11D3-BF4B-00C04F79EFBC}") = "PGRLF.MainWeb", "PGRLF.MainWeb\PGRLF.MainWeb.csproj", "{83258008-C552-4738-A3E4-54B29300DA93}"
EndProject
Project("{FAE04EC0-301F-11D3-BF4B-00C04F79EFBC}") = "PGRLF.AzureStorageProvider", "PGRLF.AzureStorageProvider\PGRLF.AzureStorageProvider.csproj", "{65B094EA-10EC-4C14-AB54-1FDD20351380}"
EndProject
Project("{9092AA53-FB77-4645-B42D-1CCCA6BD08BD}") = "NodejsApp1", "..\NodejsApp1.njsproj", "{042A79AC-1983-4780-A490-C245E6E04E69}"
EndProject
Global
	GlobalSection(SolutionConfigurationPlatforms) = preSolution
		Debug|Any CPU = Debug|Any CPU
		Release|Any CPU = Release|Any CPU
	EndGlobalSection
	GlobalSection(ProjectConfigurationPlatforms) = postSolution
		{83258008-C552-4738-A3E4-54B29300DA93}.Debug|Any CPU.ActiveCfg = Debug|Any CPU
		{83258008-C552-4738-A3E4-54B29300DA93}.Debug|Any CPU.Build.0 = Debug|Any CPU
		{83258008-C552-4738-A3E4-54B29300DA93}.Release|Any CPU.ActiveCfg = Release|Any CPU
		{83258008-C552-4738-A3E4-54B29300DA93}.Release|Any CPU.Build.0 = Release|Any CPU
		{65B094EA-10EC-4C14-AB54-1FDD20351380}.Debug|Any CPU.ActiveCfg = Debug|Any CPU
		{65B094EA-10EC-4C14-AB54-1FDD20351380}.Debug|Any CPU.Build.0 = Debug|Any CPU
		{65B094EA-10EC-4C14-AB54-1FDD20351380}.Release|Any CPU.ActiveCfg = Release|Any CPU
		{65B094EA-10EC-4C14-AB54-1FDD20351380}.Release|Any CPU.Build.0 = Release|Any CPU
		{042A79AC-1983-4780-A490-C245E6E04E69}.Debug|Any CPU.ActiveCfg = Debug|Any CPU
		{042A79AC-1983-4780-A490-C245E6E04E69}.Debug|Any CPU.Build.0 = Debug|Any CPU
		{042A79AC-1983-4780-A490-C245E6E04E69}.Release|Any CPU.ActiveCfg = Release|Any CPU
		{042A79AC-1983-4780-A490-C245E6E04E69}.Release|Any CPU.Build.0 = Release|Any CPU
	EndGlobalSection
	GlobalSection(SolutionProperties) = preSolution
		HideSolutionNode = FALSE
	EndGlobalSection
EndGlobal
